<Solution>
  <Project Path="01_Variables_CharacterStats/01_Variables_CharacterStats.csproj" />
  <Project Path="02_Input_PotionShop/02_Input_PotionShop.csproj" />
  <Project Path="03_IfElse_AgeCheck/03_IfElse_AgeCheck.csproj" />
  <Project Path="04_ElseIf_DamageCalculator/04_ElseIf_DamageCalculator.csproj" />
  <Project Path="05_Logic_TreasureChest/05_Logic_TreasureChest.csproj" />
  <Project Path="06_While_GuessNumber/06_While_GuessNumber.csproj" />
  <Project Path="07_Arrays_SimpleInventory/07_Arrays_SimpleInventory.csproj" />
  <Project Path="08_ForLoop_InventoryList/08_ForLoop_InventoryList.csproj" />
  <Project Path="09_Search_ItemFinder/09_Search_ItemFinder.csproj" />
  <Project Path="10_Methods_TextCleaner/10_Methods_TextCleaner.csproj" />
  <Project Path="11_Classes_HeroMaker/11_Classes_HeroMaker.csproj" Id="4043b3f3-b420-49df-b35a-7b745be414bb" />
  <Project Path="12_Lists_Collections/12_Lists_Collections.csproj" Id="a40e3934-48d9-4021-b2d2-7621ef206358" />
  <Project Path="13_List_Methods/13_List_Methods.csproj" Id="44711f1d-029a-4138-9899-775d4f702806" />
  <Project Path="14_List_Operations/14_List_Operations.csproj" Id="6b8dbf78-f646-442e-8ccb-723fc8130e33" />
</Solution>
